
Microsoft Visual Studio Solution File, Format Version 12.00
# Visual Studio Version 16
VisualStudioVersion = 16.0.31410.357
MinimumVisualStudioVersion = 10.0.40219.1
Project("{9A19103F-16F7-4668-BE54-9A1E7A4F7556}") = "Exercicio1Constr", "Exercicio1Constr\Exercicio1Constr.csproj", "{80FDF49F-10D7-48CD-B05B-CD3E091307B7}"
EndProject
Project("{9A19103F-16F7-4668-BE54-9A1E7A4F7556}") = "ExemploEncapsulamento", "ExemploEncapsulamento\ExemploEncapsulamento.csproj", "{6D6CA2FB-905A-4CBA-BF99-262FE2ABCD96}"
EndProject
Project("{9A19103F-16F7-4668-BE54-9A1E7A4F7556}") = "ExemploProperties", "ExemploProperties\ExemploProperties.csproj", "{42C9CBE9-658D-4E14-94DF-C405971763B2}"
EndProject
Project("{9A19103F-16F7-4668-BE54-9A1E7A4F7556}") = "ExercicioFinalCap5", "ExercicioFinalCap5\ExercicioFinalCap5.csproj", "{DA842916-D1DB-4575-A0A3-172B0B7E8D9F}"
EndProject
Project("{9A19103F-16F7-4668-BE54-9A1E7A4F7556}") = "Cap6Vetor", "Cap6Vetor\Cap6Vetor.csproj", "{DF17A9A4-55FE-48A1-9BA1-4910CDF3E8FF}"
EndProject
Project("{9A19103F-16F7-4668-BE54-9A1E7A4F7556}") = "ExercicioCap6Vetores", "ExercicioCap6Vetores\ExercicioCap6Vetores.csproj", "{A45CD3A0-D56A-4149-9633-1AF7272B1577}"
EndProject
Project("{FAE04EC0-301F-11D3-BF4B-00C04F79EFBC}") = "ExercicioListasCap6", "ExercicioVetoresCap6\ExercicioListasCap6.csproj", "{05D4DAE2-B699-4AB3-B04C-F54DE599FBD6}"
EndProject
Global
	GlobalSection(SolutionConfigurationPlatforms) = preSolution
		Debug|Any CPU = Debug|Any CPU
		Release|Any CPU = Release|Any CPU
	EndGlobalSection
	GlobalSection(ProjectConfigurationPlatforms) = postSolution
		{80FDF49F-10D7-48CD-B05B-CD3E091307B7}.Debug|Any CPU.ActiveCfg = Debug|Any CPU
		{80FDF49F-10D7-48CD-B05B-CD3E091307B7}.Debug|Any CPU.Build.0 = Debug|Any CPU
		{80FDF49F-10D7-48CD-B05B-CD3E091307B7}.Release|Any CPU.ActiveCfg = Release|Any CPU
		{80FDF49F-10D7-48CD-B05B-CD3E091307B7}.Release|Any CPU.Build.0 = Release|Any CPU
		{6D6CA2FB-905A-4CBA-BF99-262FE2ABCD96}.Debug|Any CPU.ActiveCfg = Debug|Any CPU
		{6D6CA2FB-905A-4CBA-BF99-262FE2ABCD96}.Debug|Any CPU.Build.0 = Debug|Any CPU
		{6D6CA2FB-905A-4CBA-BF99-262FE2ABCD96}.Release|Any CPU.ActiveCfg = Release|Any CPU
		{6D6CA2FB-905A-4CBA-BF99-262FE2ABCD96}.Release|Any CPU.Build.0 = Release|Any CPU
		{42C9CBE9-658D-4E14-94DF-C405971763B2}.Debug|Any CPU.ActiveCfg = Debug|Any CPU
		{42C9CBE9-658D-4E14-94DF-C405971763B2}.Debug|Any CPU.Build.0 = Debug|Any CPU
		{42C9CBE9-658D-4E14-94DF-C405971763B2}.Release|Any CPU.ActiveCfg = Release|Any CPU
		{42C9CBE9-658D-4E14-94DF-C405971763B2}.Release|Any CPU.Build.0 = Release|Any CPU
		{DA842916-D1DB-4575-A0A3-172B0B7E8D9F}.Debug|Any CPU.ActiveCfg = Debug|Any CPU
		{DA842916-D1DB-4575-A0A3-172B0B7E8D9F}.Debug|Any CPU.Build.0 = Debug|Any CPU
		{DA842916-D1DB-4575-A0A3-172B0B7E8D9F}.Release|Any CPU.ActiveCfg = Release|Any CPU
		{DA842916-D1DB-4575-A0A3-172B0B7E8D9F}.Release|Any CPU.Build.0 = Release|Any CPU
		{DF17A9A4-55FE-48A1-9BA1-4910CDF3E8FF}.Debug|Any CPU.ActiveCfg = Debug|Any CPU
		{DF17A9A4-55FE-48A1-9BA1-4910CDF3E8FF}.Debug|Any CPU.Build.0 = Debug|Any CPU
		{DF17A9A4-55FE-48A1-9BA1-4910CDF3E8FF}.Release|Any CPU.ActiveCfg = Release|Any CPU
		{DF17A9A4-55FE-48A1-9BA1-4910CDF3E8FF}.Release|Any CPU.Build.0 = Release|Any CPU
		{A45CD3A0-D56A-4149-9633-1AF7272B1577}.Debug|Any CPU.ActiveCfg = Debug|Any CPU
		{A45CD3A0-D56A-4149-9633-1AF7272B1577}.Debug|Any CPU.Build.0 = Debug|Any CPU
		{A45CD3A0-D56A-4149-9633-1AF7272B1577}.Release|Any CPU.ActiveCfg = Release|Any CPU
		{A45CD3A0-D56A-4149-9633-1AF7272B1577}.Release|Any CPU.Build.0 = Release|Any CPU
		{05D4DAE2-B699-4AB3-B04C-F54DE599FBD6}.Debug|Any CPU.ActiveCfg = Debug|Any CPU
		{05D4DAE2-B699-4AB3-B04C-F54DE599FBD6}.Debug|Any CPU.Build.0 = Debug|Any CPU
		{05D4DAE2-B699-4AB3-B04C-F54DE599FBD6}.Release|Any CPU.ActiveCfg = Release|Any CPU
		{05D4DAE2-B699-4AB3-B04C-F54DE599FBD6}.Release|Any CPU.Build.0 = Release|Any CPU
	EndGlobalSection
	GlobalSection(SolutionProperties) = preSolution
		HideSolutionNode = FALSE
	EndGlobalSection
	GlobalSection(ExtensibilityGlobals) = postSolution
		SolutionGuid = {70DBF9F6-9CB9-4649-BFEA-BB733A34B83F}
	EndGlobalSection
EndGlobal
